
Microsoft Visual Studio Solution File, Format Version 12.00
Project("{FAE04EC0-301F-11D3-BF4B-00C04F79EFBC}") = "VTFBatcher", "VTFBatcher\VTFBatcher.csproj", "{20CE53AB-4849-4E78-AE76-5FC0E1A47996}"
EndProject
Project("{FAE04EC0-301F-11D3-BF4B-00C04F79EFBC}") = "VTFLibCallTest", "VTFLibCallTest\VTFLibCallTest.csproj", "{C4FF3246-F211-4848-88DD-5EC64FD79ADD}"
EndProject
Global
	GlobalSection(SolutionConfigurationPlatforms) = preSolution
		Debug|Any CPU = Debug|Any CPU
		Release|Any CPU = Release|Any CPU
	EndGlobalSection
	GlobalSection(ProjectConfigurationPlatforms) = postSolution
		{20CE53AB-4849-4E78-AE76-5FC0E1A47996}.Debug|Any CPU.ActiveCfg = Debug|Any CPU
		{20CE53AB-4849-4E78-AE76-5FC0E1A47996}.Debug|Any CPU.Build.0 = Debug|Any CPU
		{20CE53AB-4849-4E78-AE76-5FC0E1A47996}.Release|Any CPU.ActiveCfg = Release|Any CPU
		{20CE53AB-4849-4E78-AE76-5FC0E1A47996}.Release|Any CPU.Build.0 = Release|Any CPU
		{C4FF3246-F211-4848-88DD-5EC64FD79ADD}.Debug|Any CPU.ActiveCfg = Debug|Any CPU
		{C4FF3246-F211-4848-88DD-5EC64FD79ADD}.Debug|Any CPU.Build.0 = Debug|Any CPU
		{C4FF3246-F211-4848-88DD-5EC64FD79ADD}.Release|Any CPU.ActiveCfg = Release|Any CPU
		{C4FF3246-F211-4848-88DD-5EC64FD79ADD}.Release|Any CPU.Build.0 = Release|Any CPU
	EndGlobalSection
EndGlobal
